{
  "name": "firmware-lua",
  "lockfileVersion": 2,
  "requires": true,
  "packages": {
    "": {
      "dependencies": {
        "lua-on-arduino": "file:../../lua-on-arduino/desktop"
      }
    },
    "../../lua-on-arduino/desktop": {
      "name": "lua-on-arduino",
      "version": "0.1.0",
      "license": "MIT",
      "dependencies": {
        "@serialport/parser-delimiter": "^9.0.7",
        "bl": "^4.1.0",
        "chalk": "^4.1.1",
        "chokidar": "^3.5.1",
        "osc-js": "^2.1.2",
        "path-to-regexp": "^6.2.0",
        "protocol-slip": "^1.0.1",
        "serialport": "^9.0.7"
      },
      "devDependencies": {
        "@babel/core": "^7.14.0",
        "@babel/preset-env": "^7.14.1",
        "babel-jest": "^26.6.3",
        "jest": "^26.6.3",
        "nodemon": "^2.0.7"
      }
    },
    "../miwos-bridge": {
      "name": "@miwos/miwos-bridge",
      "version": "0.0.0",
      "extraneous": true,
      "license": "MIT",
      "dependencies": {
        "chalk": "^3.0.0",
        "osc-js": "^2.1.2",
        "picomatch": "^2.2.2",
        "protocol-slip": "^1.0.1",
        "serialport": "^9.0.7"
      },
      "devDependencies": {
        "nodemon": "^2.0.7"
      }
    },
    "node_modules/lua-on-arduino": {
      "resolved": "../../lua-on-arduino/desktop",
      "link": true
    }
  },
  "dependencies": {
    "lua-on-arduino": {
      "version": "file:../../lua-on-arduino/desktop",
      "requires": {
        "@babel/core": "^7.14.0",
        "@babel/preset-env": "^7.14.1",
        "@serialport/parser-delimiter": "^9.0.7",
        "babel-jest": "^26.6.3",
        "bl": "^4.1.0",
        "chalk": "^4.1.1",
        "chokidar": "^3.5.1",
        "jest": "^26.6.3",
        "nodemon": "^2.0.7",
        "osc-js": "^2.1.2",
        "path-to-regexp": "^6.2.0",
        "protocol-slip": "^1.0.1",
        "serialport": "^9.0.7"
      }
    }
  }
}
